# THIS IS AN AUTOGENERATED FILE. DO NOT EDIT THIS FILE DIRECTLY.
# yarn lockfile v1


"@babel/helper-validator-identifier@^7.14.0":
  version "7.14.0"
  resolved "https://registry.nlark.com/@babel/helper-validator-identifier/download/@babel/helper-validator-identifier-7.14.0.tgz?cache=0&sync_timestamp=1619727388937&other_urls=https%3A%2F%2Fregistry.nlark.com%2F%40babel%2Fhelper-validator-identifier%2Fdownload%2F%40babel%2Fhelper-validator-identifier-7.14.0.tgz"
  integrity sha1-0mytikfGUoaxXfFUcxml0Lzycog=

"@babel/parser@^7.12.0", "@babel/parser@^7.13.9":
  version "7.14.4"
  resolved "https://registry.nlark.com/@babel/parser/download/@babel/parser-7.14.4.tgz"
  integrity sha1-pcVg1tts2ObtNCNo3qgDkjLLqxg=

"@babel/parser@^7.16.4":
  version "7.17.9"
  resolved "https://registry.npmmirror.com/@babel/parser/-/parser-7.17.9.tgz#9c94189a6062f0291418ca021077983058e171ef"
  integrity sha512-vqUSBLP8dQHFPdPi9bc5GK9vRkYHJ49fsZdtoJ8EQ8ibpwk5rPKfvNIwChB0KVXcIjcepEBBd2VHC5r9Gy8ueg==

"@babel/types@^7.12.0", "@babel/types@^7.13.0":
  version "7.14.4"
  resolved "https://registry.nlark.com/@babel/types/download/@babel/types-7.14.4.tgz"
  integrity sha1-v9aYAQgWhZOziz60iiSqAmuRm8A=
  dependencies:
    "@babel/helper-validator-identifier" "^7.14.0"
    to-fast-properties "^2.0.0"

"@ctrl/tinycolor@^3.4.0":
  version "3.4.0"
  resolved "https://registry.npmmirror.com/@ctrl/tinycolor/-/tinycolor-3.4.0.tgz#c3c5ae543c897caa9c2a68630bed355be5f9990f"
  integrity sha512-JZButFdZ1+/xAfpguQHoabIXkcqRRKpMrWKBkpEZZyxfY9C1DpADFB8PEqGSTeFr135SaTRfKqGKx5xSCLI7ZQ==

"@element-plus/icons-vue@^1.0.0":
  version "1.1.4"
  resolved "https://registry.npmmirror.com/@element-plus/icons-vue/-/icons-vue-1.1.4.tgz#5d2788ea356f1458068e6d400e724ca5f3d29aca"
  integrity sha512-Iz/nHqdp1sFPmdzRwHkEQQA3lKvoObk8azgABZ81QUOpW9s/lUyQVUSh0tNtEPZXQlKwlSh7SPgoVxzrE0uuVQ==

"@popperjs/core@^2.11.2":
  version "2.11.5"
  resolved "https://registry.npmmirror.com/@popperjs/core/-/core-2.11.5.tgz#db5a11bf66bdab39569719555b0f76e138d7bd64"
  integrity sha512-9X2obfABZuDVLCgPK9aX0a/x4jaOEweTTWE2+9sr0Qqqevj2Uv5XorvusThmc9XGYpS9yI+fhh8RTafBtGposw==

"@types/estree@^0.0.48":
  version "0.0.48"
  resolved "https://registry.nlark.com/@types/estree/download/@types/estree-0.0.48.tgz"
  integrity sha1-GNyAkbKF35DbLyWqfZBs/DlLf3Q=

"@types/node@^17.0.22":
  version "17.0.22"
  resolved "https://registry.npmmirror.com/@types/node/-/node-17.0.22.tgz"
  integrity sha512-8FwbVoG4fy+ykY86XCAclKZDORttqE5/s7dyWZKLXTdv3vRy5HozBEinG5IqhvPXXzIZEcTVbuHlQEI6iuwcmw==

"@vitejs/plugin-vue@^1.3.0":
  version "1.4.0"
  resolved "https://registry.nlark.com/@vitejs/plugin-vue/download/@vitejs/plugin-vue-1.4.0.tgz"
  integrity sha1-lirgG3/RatQAeJjGTtY5E24SIVs=

"@vue/compiler-core@3.2.2":
  version "3.2.2"
  resolved "https://registry.nlark.com/@vue/compiler-core/download/@vue/compiler-core-3.2.2.tgz"
  integrity sha1-jT4p8SlXntmxT0ivc1/Y2V8khQQ=
  dependencies:
    "@babel/parser" "^7.12.0"
    "@babel/types" "^7.12.0"
    "@vue/shared" "3.2.2"
    estree-walker "^2.0.1"
    source-map "^0.6.1"

"@vue/compiler-core@3.2.31":
  version "3.2.31"
  resolved "https://registry.npmmirror.com/@vue/compiler-core/-/compiler-core-3.2.31.tgz#d38f06c2cf845742403b523ab4596a3fda152e89"
  integrity sha512-aKno00qoA4o+V/kR6i/pE+aP+esng5siNAVQ422TkBNM6qA4veXiZbSe8OTXHXquEi/f6Akc+nLfB4JGfe4/WQ==
  dependencies:
    "@babel/parser" "^7.16.4"
    "@vue/shared" "3.2.31"
    estree-walker "^2.0.2"
    source-map "^0.6.1"

"@vue/compiler-dom@3.2.2":
  version "3.2.2"
  resolved "https://registry.nlark.com/@vue/compiler-dom/download/@vue/compiler-dom-3.2.2.tgz"
  integrity sha1-JuGYSYdGxTBHw3RNJvyV5nBpKrc=
  dependencies:
    "@vue/compiler-core" "3.2.2"
    "@vue/shared" "3.2.2"

"@vue/compiler-dom@3.2.31":
  version "3.2.31"
  resolved "https://registry.npmmirror.com/@vue/compiler-dom/-/compiler-dom-3.2.31.tgz#b1b7dfad55c96c8cc2b919cd7eb5fd7e4ddbf00e"
  integrity sha512-60zIlFfzIDf3u91cqfqy9KhCKIJgPeqxgveH2L+87RcGU/alT6BRrk5JtUso0OibH3O7NXuNOQ0cDc9beT0wrg==
  dependencies:
    "@vue/compiler-core" "3.2.31"
    "@vue/shared" "3.2.31"

"@vue/compiler-sfc@3.2.31":
  version "3.2.31"
  resolved "https://registry.npmmirror.com/@vue/compiler-sfc/-/compiler-sfc-3.2.31.tgz#d02b29c3fe34d599a52c5ae1c6937b4d69f11c2f"
  integrity sha512-748adc9msSPGzXgibHiO6T7RWgfnDcVQD+VVwYgSsyyY8Ans64tALHZANrKtOzvkwznV/F4H7OAod/jIlp/dkQ==
  dependencies:
    "@babel/parser" "^7.16.4"
    "@vue/compiler-core" "3.2.31"
    "@vue/compiler-dom" "3.2.31"
    "@vue/compiler-ssr" "3.2.31"
    "@vue/reactivity-transform" "3.2.31"
    "@vue/shared" "3.2.31"
    estree-walker "^2.0.2"
    magic-string "^0.25.7"
    postcss "^8.1.10"
    source-map "^0.6.1"

"@vue/compiler-sfc@^3.2.2":
  version "3.2.2"
  resolved "https://registry.nlark.com/@vue/compiler-sfc/download/@vue/compiler-sfc-3.2.2.tgz?cache=0&sync_timestamp=1628696757082&other_urls=https%3A%2F%2Fregistry.nlark.com%2F%40vue%2Fcompiler-sfc%2Fdownload%2F%40vue%2Fcompiler-sfc-3.2.2.tgz"
  integrity sha1-W3sTsHaJvo5IgNhW9y0b5QB4W+k=
  dependencies:
    "@babel/parser" "^7.13.9"
    "@babel/types" "^7.13.0"
    "@types/estree" "^0.0.48"
    "@vue/compiler-core" "3.2.2"
    "@vue/compiler-dom" "3.2.2"
    "@vue/compiler-ssr" "3.2.2"
    "@vue/shared" "3.2.2"
    consolidate "^0.16.0"
    estree-walker "^2.0.1"
    hash-sum "^2.0.0"
    lru-cache "^5.1.1"
    magic-string "^0.25.7"
    merge-source-map "^1.1.0"
    postcss "^8.1.10"
    postcss-modules "^4.0.0"
    postcss-selector-parser "^6.0.4"
    source-map "^0.6.1"

"@vue/compiler-ssr@3.2.2":
  version "3.2.2"
  resolved "https://registry.nlark.com/@vue/compiler-ssr/download/@vue/compiler-ssr-3.2.2.tgz"
  integrity sha1-Yzu44B8AqWnDXKEtsyvn/kxxhak=
  dependencies:
    "@vue/compiler-dom" "3.2.2"
    "@vue/shared" "3.2.2"

"@vue/compiler-ssr@3.2.31":
  version "3.2.31"
  resolved "https://registry.npmmirror.com/@vue/compiler-ssr/-/compiler-ssr-3.2.31.tgz#4fa00f486c9c4580b40a4177871ebbd650ecb99c"
  integrity sha512-mjN0rqig+A8TVDnsGPYJM5dpbjlXeHUm2oZHZwGyMYiGT/F4fhJf/cXy8QpjnLQK4Y9Et4GWzHn9PS8AHUnSkw==
  dependencies:
    "@vue/compiler-dom" "3.2.31"
    "@vue/shared" "3.2.31"

"@vue/devtools-api@^6.0.0-beta.14":
  version "6.0.0-beta.15"
  resolved "https://registry.nlark.com/@vue/devtools-api/download/@vue/devtools-api-6.0.0-beta.15.tgz?cache=0&sync_timestamp=1624926266057&other_urls=https%3A%2F%2Fregistry.nlark.com%2F%40vue%2Fdevtools-api%2Fdownload%2F%40vue%2Fdevtools-api-6.0.0-beta.15.tgz"
  integrity sha1-rXyzhOBi8WW8+cg3MhJb/7wq2D0=

"@vue/reactivity-transform@3.2.31":
  version "3.2.31"
  resolved "https://registry.npmmirror.com/@vue/reactivity-transform/-/reactivity-transform-3.2.31.tgz#0f5b25c24e70edab2b613d5305c465b50fc00911"
  integrity sha512-uS4l4z/W7wXdI+Va5pgVxBJ345wyGFKvpPYtdSgvfJfX/x2Ymm6ophQlXXB6acqGHtXuBqNyyO3zVp9b1r0MOA==
  dependencies:
    "@babel/parser" "^7.16.4"
    "@vue/compiler-core" "3.2.31"
    "@vue/shared" "3.2.31"
    estree-walker "^2.0.2"
    magic-string "^0.25.7"

"@vue/reactivity@3.2.31":
  version "3.2.31"
  resolved "https://registry.npmmirror.com/@vue/reactivity/-/reactivity-3.2.31.tgz#fc90aa2cdf695418b79e534783aca90d63a46bbd"
  integrity sha512-HVr0l211gbhpEKYr2hYe7hRsV91uIVGFYNHj73njbARVGHQvIojkImKMaZNDdoDZOIkMsBc9a1sMqR+WZwfSCw==
  dependencies:
    "@vue/shared" "3.2.31"

"@vue/runtime-core@3.2.31":
  version "3.2.31"
  resolved "https://registry.npmmirror.com/@vue/runtime-core/-/runtime-core-3.2.31.tgz#9d284c382f5f981b7a7b5971052a1dc4ef39ac7a"
  integrity sha512-Kcog5XmSY7VHFEMuk4+Gap8gUssYMZ2+w+cmGI6OpZWYOEIcbE0TPzzPHi+8XTzAgx1w/ZxDFcXhZeXN5eKWsA==
  dependencies:
    "@vue/reactivity" "3.2.31"
    "@vue/shared" "3.2.31"

"@vue/runtime-dom@3.2.31":
  version "3.2.31"
  resolved "https://registry.npmmirror.com/@vue/runtime-dom/-/runtime-dom-3.2.31.tgz#79ce01817cb3caf2c9d923f669b738d2d7953eff"
  integrity sha512-N+o0sICVLScUjfLG7u9u5XCjvmsexAiPt17GNnaWHJUfsKed5e85/A3SWgKxzlxx2SW/Hw7RQxzxbXez9PtY3g==
  dependencies:
    "@vue/runtime-core" "3.2.31"
    "@vue/shared" "3.2.31"
    csstype "^2.6.8"

"@vue/server-renderer@3.2.31":
  version "3.2.31"
  resolved "https://registry.npmmirror.com/@vue/server-renderer/-/server-renderer-3.2.31.tgz#201e9d6ce735847d5989403af81ef80960da7141"
  integrity sha512-8CN3Zj2HyR2LQQBHZ61HexF5NReqngLT3oahyiVRfSSvak+oAvVmu8iNLSu6XR77Ili2AOpnAt1y8ywjjqtmkg==
  dependencies:
    "@vue/compiler-ssr" "3.2.31"
    "@vue/shared" "3.2.31"

"@vue/shared@3.2.2":
  version "3.2.2"
  resolved "https://registry.nlark.com/@vue/shared/download/@vue/shared-3.2.2.tgz"
  integrity sha1-YQQYXr1Xr1oUrFHB9JGyIF/CQFQ=

"@vue/shared@3.2.31":
  version "3.2.31"
  resolved "https://registry.npmmirror.com/@vue/shared/-/shared-3.2.31.tgz#c90de7126d833dcd3a4c7534d534be2fb41faa4e"
  integrity sha512-ymN2pj6zEjiKJZbrf98UM2pfDd6F2H7ksKw7NDt/ZZ1fh5Ei39X5tABugtT03ZRlWd9imccoK0hE8hpjpU7irQ==

"@vueuse/core@^7.7.0":
  version "7.7.1"
  resolved "https://registry.npmmirror.com/@vueuse/core/-/core-7.7.1.tgz#fc284f4103de73c7fb79bc06579d8066790db511"
  integrity sha512-PRRgbATMpoeUmkCEBtUeJgOwtew8s+4UsEd+Pm7MhkjL2ihCNrSqxNVtM6NFE4uP2sWnkGcZpCjPuNSxowJ1Ow==
  dependencies:
    "@vueuse/shared" "7.7.1"
    vue-demi "*"

"@vueuse/shared@7.7.1":
  version "7.7.1"
  resolved "https://registry.npmmirror.com/@vueuse/shared/-/shared-7.7.1.tgz#77e312de7275380efce86b0079bd7938791a076b"
  integrity sha512-rN2qd22AUl7VdBxihagWyhUNHCyVk9IpvBTTfHoLH9G7rGE552X1f+zeCfehuno0zXif13jPw+icW/wn2a0rnQ==
  dependencies:
    vue-demi "*"

adler-32@~1.3.0:
  version "1.3.0"
  resolved "https://registry.npmmirror.com/adler-32/-/adler-32-1.3.0.tgz"
  integrity sha512-f5nltvjl+PRUh6YNfUstRaXwJxtfnKEWhAWWlmKvh+Y3J2+98a0KKVYDEhz6NdKGqswLhjNGznxfSsZGOvOd9g==
  dependencies:
    printj "~1.2.2"

async-validator@^4.0.7:
  version "4.0.7"
  resolved "https://registry.npmmirror.com/async-validator/-/async-validator-4.0.7.tgz#034a0fd2103a6b2ebf010da75183bec299247afe"
  integrity sha512-Pj2IR7u8hmUEDOwB++su6baaRi+QvsgajuFB9j95foM1N2gy5HM4z60hfusIO0fBPG5uLAEl6yCJr1jNSVugEQ==

axios@^0.21.1:
  version "0.21.1"
  resolved "https://registry.npm.taobao.org/axios/download/axios-0.21.1.tgz"
  integrity sha1-IlY0gZYvTWvemnbVFu8OXTwJsrg=
  dependencies:
    follow-redirects "^1.10.0"

big.js@^5.2.2:
  version "5.2.2"
  resolved "https://registry.nlark.com/big.js/download/big.js-5.2.2.tgz"
  integrity sha1-ZfCvOC9Xi83HQr2cKB6cstd2gyg=

bluebird@^3.7.2:
  version "3.7.2"
  resolved "https://registry.npm.taobao.org/bluebird/download/bluebird-3.7.2.tgz?cache=0&sync_timestamp=1602657218976&other_urls=https%3A%2F%2Fregistry.npm.taobao.org%2Fbluebird%2Fdownload%2Fbluebird-3.7.2.tgz"
  integrity sha1-nyKcFb4nJFT/qXOs4NvueaGww28=

cfb@~1.2.1:
  version "1.2.1"
  resolved "https://registry.npmmirror.com/cfb/-/cfb-1.2.1.tgz"
  integrity sha512-wT2ScPAFGSVy7CY+aauMezZBnNrfnaLSrxHUHdea+Td/86vrk6ZquggV+ssBR88zNs0OnBkL2+lf9q0K+zVGzQ==
  dependencies:
    adler-32 "~1.3.0"
    crc-32 "~1.2.0"
    printj "~1.3.0"

codepage@~1.15.0:
  version "1.15.0"
  resolved "https://registry.npmmirror.com/codepage/-/codepage-1.15.0.tgz"
  integrity sha512-3g6NUTPd/YtuuGrhMnOMRjFc+LJw/bnMp3+0r/Wcz3IXUuCosKRJvMphm5+Q+bvTVGcJJuRvVLuYba+WojaFaA==

colorette@^1.2.2:
  version "1.2.2"
  resolved "https://registry.nlark.com/colorette/download/colorette-1.2.2.tgz?cache=0&sync_timestamp=1618847174680&other_urls=https%3A%2F%2Fregistry.nlark.com%2Fcolorette%2Fdownload%2Fcolorette-1.2.2.tgz"
  integrity sha1-y8x51emcrqLb8Q6zom/Ys+as+pQ=

consolidate@^0.16.0:
  version "0.16.0"
  resolved "https://registry.npm.taobao.org/consolidate/download/consolidate-0.16.0.tgz"
  integrity sha1-oRhkdokw8vGUMWYKZZBmaPX73BY=
  dependencies:
    bluebird "^3.7.2"

crc-32@~1.2.0, crc-32@~1.2.1:
  version "1.2.1"
  resolved "https://registry.npmmirror.com/crc-32/-/crc-32-1.2.1.tgz"
  integrity sha512-Dn/xm/1vFFgs3nfrpEVScHoIslO9NZRITWGz/1E/St6u4xw99vfZzVkW0OSnzx2h9egej9xwMCEut6sqwokM/w==
  dependencies:
    exit-on-epipe "~1.0.1"
    printj "~1.3.1"

cssesc@^3.0.0:
  version "3.0.0"
  resolved "https://registry.npm.taobao.org/cssesc/download/cssesc-3.0.0.tgz"
  integrity sha1-N3QZGZA7hoVl4cCep0dEXNGJg+4=

csstype@^2.6.8:
  version "2.6.17"
  resolved "https://registry.nlark.com/csstype/download/csstype-2.6.17.tgz?cache=0&sync_timestamp=1618818393132&other_urls=https%3A%2F%2Fregistry.nlark.com%2Fcsstype%2Fdownload%2Fcsstype-2.6.17.tgz"
  integrity sha1-TPMOuH4dGgBdi2UQ+VKSQT9qHA4=

dayjs@^1.10.7:
  version "1.11.0"
  resolved "https://registry.npmmirror.com/dayjs/-/dayjs-1.11.0.tgz#009bf7ef2e2ea2d5db2e6583d2d39a4b5061e805"
  integrity sha512-JLC809s6Y948/FuCZPm5IX8rRhQwOiyMb2TfVVQEixG7P8Lm/gt5S7yoQZmC8x1UehI9Pb7sksEt4xx14m+7Ug==

echarts@^5.3.2:
  version "5.3.2"
  resolved "https://registry.npmmirror.com/echarts/-/echarts-5.3.2.tgz#0a7b3be8c48a48b2e7cb1b82121df0c208d42d2c"
  integrity sha512-LWCt7ohOKdJqyiBJ0OGBmE9szLdfA9sGcsMEi+GGoc6+Xo75C+BkcT/6NNGRHAWtnQl2fNow05AQjznpap28TQ==
  dependencies:
    tslib "2.3.0"
    zrender "5.3.1"

element-plus@2.0.4:
  version "2.0.4"
  resolved "https://registry.npmmirror.com/element-plus/-/element-plus-2.0.4.tgz#2f67dd153d61764f703663fadd1754cd6d548ae6"
  integrity sha512-g/YT/uY6zbNTAl9jL4zT8WRSf/4KG6GB3Y89MCO/lbglHsps5sdDFohcuOb8699BtIXkXsbOzdwmbk9kDHqHxA==
  dependencies:
    "@ctrl/tinycolor" "^3.4.0"
    "@element-plus/icons-vue" "^1.0.0"
    "@popperjs/core" "^2.11.2"
    "@vueuse/core" "^7.7.0"
    async-validator "^4.0.7"
    dayjs "^1.10.7"
    lodash "^4.17.21"
    lodash-es "^4.17.21"
    lodash-unified "^1.0.2"
    memoize-one "^6.0.0"
    normalize-wheel-es "^1.1.1"

emojis-list@^3.0.0:
  version "3.0.0"
  resolved "https://registry.npm.taobao.org/emojis-list/download/emojis-list-3.0.0.tgz"
  integrity sha1-VXBmIEatKeLpFucariYKvf9Pang=

esbuild@^0.12.17:
  version "0.12.20"
  resolved "https://registry.nlark.com/esbuild/download/esbuild-0.12.20.tgz?cache=0&sync_timestamp=1628815251454&other_urls=https%3A%2F%2Fregistry.nlark.com%2Fesbuild%2Fdownload%2Fesbuild-0.12.20.tgz"
  integrity sha1-TTydg8maQDHgJ7QqTDmMI7aCfLA=

estree-walker@^2.0.1, estree-walker@^2.0.2:
  version "2.0.2"
  resolved "https://registry.npm.taobao.org/estree-walker/download/estree-walker-2.0.2.tgz"
  integrity sha1-UvAQF4wqTBF6d1fP6UKtt9LaTKw=

exit-on-epipe@~1.0.1:
  version "1.0.1"
  resolved "https://registry.npmmirror.com/exit-on-epipe/-/exit-on-epipe-1.0.1.tgz"
  integrity sha512-h2z5mrROTxce56S+pnvAV890uu7ls7f1kEvVGJbw1OlFH3/mlJ5bkXu0KRyW94v37zzHPiUd55iLn3DA7TjWpw==

file-saver@^2.0.5:
  version "2.0.5"
  resolved "https://registry.npmmirror.com/file-saver/-/file-saver-2.0.5.tgz"
  integrity sha512-P9bmyZ3h/PRG+Nzga+rbdI4OEpNDzAVyy74uVO9ATgzLK6VtAsYybF/+TOCvrc0MO793d6+42lLyZTw7/ArVzA==

follow-redirects@^1.10.0:
  version "1.14.1"
  resolved "https://registry.nlark.com/follow-redirects/download/follow-redirects-1.14.1.tgz?cache=0&sync_timestamp=1620555234886&other_urls=https%3A%2F%2Fregistry.nlark.com%2Ffollow-redirects%2Fdownload%2Ffollow-redirects-1.14.1.tgz"
  integrity sha1-2RFN7Qoc/dM04WTmZirQK/2R/0M=

font-awesome@^4.7.0:
  version "4.7.0"
  resolved "https://registry.npm.taobao.org/font-awesome/download/font-awesome-4.7.0.tgz"
  integrity sha1-j6jPBBGhoxr9B7BtKQK7n8gVoTM=

frac@~1.1.2:
  version "1.1.2"
  resolved "https://registry.npmmirror.com/frac/-/frac-1.1.2.tgz"
  integrity sha512-w/XBfkibaTl3YDqASwfDUqkna4Z2p9cFSr1aHDt0WoMTECnRfBOv2WArlZILlqgWlmdIlALXGpM2AOhEk5W3IA==

fsevents@~2.3.1, fsevents@~2.3.2:
  version "2.3.2"
  resolved "https://registry.npmmirror.com/fsevents/-/fsevents-2.3.2.tgz#8a526f78b8fdf4623b709e0b975c52c24c02fd1a"
  integrity sha512-xiqMQR4xAeHTuB9uWm+fFRcIOgKBMiOBP+eXiyT7jsgVCq1bkVygt00oASowB7EdtpOHaaPgKt812P9ab+DDKA==

function-bind@^1.1.1:
  version "1.1.1"
  resolved "https://registry.nlark.com/function-bind/download/function-bind-1.1.1.tgz"
  integrity sha1-pWiZ0+o8m6uHS7l3O3xe3pL0iV0=

generic-names@^2.0.1:
  version "2.0.1"
  resolved "https://registry.npm.taobao.org/generic-names/download/generic-names-2.0.1.tgz"
  integrity sha1-+KN46tLMqno08DF7BVVIMq5BuHI=
  dependencies:
    loader-utils "^1.1.0"

has@^1.0.3:
  version "1.0.3"
  resolved "https://registry.nlark.com/has/download/has-1.0.3.tgz?cache=0&sync_timestamp=1618847173393&other_urls=https%3A%2F%2Fregistry.nlark.com%2Fhas%2Fdownload%2Fhas-1.0.3.tgz"
  integrity sha1-ci18v8H2qoJB8W3YFOAR4fQeh5Y=
  dependencies:
    function-bind "^1.1.1"

hash-sum@^2.0.0:
  version "2.0.0"
  resolved "https://registry.npm.taobao.org/hash-sum/download/hash-sum-2.0.0.tgz"
  integrity sha1-gdAbtd6OpKIUrV1urRtSNGCwtFo=

icss-replace-symbols@^1.1.0:
  version "1.1.0"
  resolved "https://registry.npm.taobao.org/icss-replace-symbols/download/icss-replace-symbols-1.1.0.tgz"
  integrity sha1-Bupvg2ead0njhs/h/oEq5dsiPe0=

icss-utils@^5.0.0:
  version "5.1.0"
  resolved "https://registry.npm.taobao.org/icss-utils/download/icss-utils-5.1.0.tgz?cache=0&sync_timestamp=1605801312995&other_urls=https%3A%2F%2Fregistry.npm.taobao.org%2Ficss-utils%2Fdownload%2Ficss-utils-5.1.0.tgz"
  integrity sha1-xr5oWKvQE9do6YNmrkfiXViHsa4=

is-core-module@^2.2.0:
  version "2.4.0"
  resolved "https://registry.nlark.com/is-core-module/download/is-core-module-2.4.0.tgz"
  integrity sha1-jp/I4VAnsBFBgCbpjw5vTYYwXME=
  dependencies:
    has "^1.0.3"

json5@^1.0.1:
  version "1.0.1"
  resolved "https://registry.nlark.com/json5/download/json5-1.0.1.tgz"
  integrity sha1-d5+wAYYE+oVOrL9iUhgNg1Q+Pb4=
  dependencies:
    minimist "^1.2.0"

loader-utils@^1.1.0:
  version "1.4.0"
  resolved "https://registry.npm.taobao.org/loader-utils/download/loader-utils-1.4.0.tgz"
  integrity sha1-xXm140yzSxp07cbB+za/o3HVphM=
  dependencies:
    big.js "^5.2.2"
    emojis-list "^3.0.0"
    json5 "^1.0.1"

lodash-es@^4.17.21:
  version "4.17.21"
  resolved "https://registry.npmmirror.com/lodash-es/-/lodash-es-4.17.21.tgz#43e626c46e6591b7750beb2b50117390c609e3ee"
  integrity sha512-mKnC+QJ9pWVzv+C4/U3rRsHapFfHvQFoFB92e52xeyGMcX6/OlIl78je1u8vePzYZSkkogMPJ2yjxxsb89cxyw==

lodash-unified@^1.0.2:
  version "1.0.2"
  resolved "https://registry.npmmirror.com/lodash-unified/-/lodash-unified-1.0.2.tgz#bb2694db3533781e5cce984af60cfaea318b83c1"
  integrity sha512-OGbEy+1P+UT26CYi4opY4gebD8cWRDxAT6MAObIVQMiqYdxZr1g3QHWCToVsm31x2NkLS4K3+MC2qInaRMa39g==

lodash.camelcase@^4.3.0:
  version "4.3.0"
  resolved "https://registry.npm.taobao.org/lodash.camelcase/download/lodash.camelcase-4.3.0.tgz"
  integrity sha1-soqmKIorn8ZRA1x3EfZathkDMaY=

lodash@^4.17.21:
  version "4.17.21"
  resolved "https://registry.npmmirror.com/lodash/-/lodash-4.17.21.tgz#679591c564c3bffaae8454cf0b3df370c3d6911c"
  integrity sha512-v2kDEe57lecTulaDIuNTPy3Ry4gLGJ6Z1O3vE1krgXZNrsQ+LFTGHVxVjcXPs17LhbZVGedAJv8XZ1tvj5FvSg==

lru-cache@^5.1.1:
  version "5.1.1"
  resolved "https://registry.npm.taobao.org/lru-cache/download/lru-cache-5.1.1.tgz?cache=0&sync_timestamp=1615683082252&other_urls=https%3A%2F%2Fregistry.npm.taobao.org%2Flru-cache%2Fdownload%2Flru-cache-5.1.1.tgz"
  integrity sha1-HaJ+ZxAnGUdpXa9oSOhH8B2EuSA=
  dependencies:
    yallist "^3.0.2"

magic-string@^0.25.7:
  version "0.25.7"
  resolved "https://registry.npm.taobao.org/magic-string/download/magic-string-0.25.7.tgz"
  integrity sha1-P0l9b9NMZpxnmNy4IfLvMfVEUFE=
  dependencies:
    sourcemap-codec "^1.4.4"

memoize-one@^6.0.0:
  version "6.0.0"
  resolved "https://registry.npmmirror.com/memoize-one/-/memoize-one-6.0.0.tgz#b2591b871ed82948aee4727dc6abceeeac8c1045"
  integrity sha512-rkpe71W0N0c0Xz6QD0eJETuWAJGnJ9afsl1srmwPrI+yBCkge5EycXXbYRyvL29zZVUWQCY7InPRCv3GDXuZNw==

merge-source-map@^1.1.0:
  version "1.1.0"
  resolved "https://registry.npm.taobao.org/merge-source-map/download/merge-source-map-1.1.0.tgz"
  integrity sha1-L93n5gIJOfcJBqaPLXrmheTIxkY=
  dependencies:
    source-map "^0.6.1"

minimist@^1.2.0:
  version "1.2.5"
  resolved "https://registry.nlark.com/minimist/download/minimist-1.2.5.tgz"
  integrity sha1-Z9ZgFLZqaoqqDAg8X9WN9OTpdgI=

nanoid@^3.1.23:
  version "3.1.23"
  resolved "https://registry.nlark.com/nanoid/download/nanoid-3.1.23.tgz?cache=0&sync_timestamp=1620674856899&other_urls=https%3A%2F%2Fregistry.nlark.com%2Fnanoid%2Fdownload%2Fnanoid-3.1.23.tgz"
  integrity sha1-90QIbOfCvEfuCoRyV01ceOQYOoE=

normalize-wheel-es@^1.1.1:
  version "1.1.2"
  resolved "https://registry.npmmirror.com/normalize-wheel-es/-/normalize-wheel-es-1.1.2.tgz#285e43676a62d687bf145e33452ea6be435162d0"
  integrity sha512-scX83plWJXYH1J4+BhAuIHadROzxX0UBF3+HuZNY2Ks8BciE7tSTQ+5JhTsvzjaO0/EJdm4JBGrfObKxFf3Png==

path-parse@^1.0.6:
  version "1.0.7"
  resolved "https://registry.nlark.com/path-parse/download/path-parse-1.0.7.tgz"
  integrity sha1-+8EUtgykKzDZ2vWFjkvWi77bZzU=

postcss-modules-extract-imports@^3.0.0:
  version "3.0.0"
  resolved "https://registry.npm.taobao.org/postcss-modules-extract-imports/download/postcss-modules-extract-imports-3.0.0.tgz?cache=0&sync_timestamp=1602588260997&other_urls=https%3A%2F%2Fregistry.npm.taobao.org%2Fpostcss-modules-extract-imports%2Fdownload%2Fpostcss-modules-extract-imports-3.0.0.tgz"
  integrity sha1-zaHwR8CugMl9vijD52pDuIAldB0=

postcss-modules-local-by-default@^4.0.0:
  version "4.0.0"
  resolved "https://registry.npm.taobao.org/postcss-modules-local-by-default/download/postcss-modules-local-by-default-4.0.0.tgz"
  integrity sha1-67tU+uFZjuz99pGgKz/zs5ClpRw=
  dependencies:
    icss-utils "^5.0.0"
    postcss-selector-parser "^6.0.2"
    postcss-value-parser "^4.1.0"

postcss-modules-scope@^3.0.0:
  version "3.0.0"
  resolved "https://registry.nlark.com/postcss-modules-scope/download/postcss-modules-scope-3.0.0.tgz"
  integrity sha1-nvMVFFbTu/oSDKRImN/Kby+gHwY=
  dependencies:
    postcss-selector-parser "^6.0.4"

postcss-modules-values@^4.0.0:
  version "4.0.0"
  resolved "https://registry.npm.taobao.org/postcss-modules-values/download/postcss-modules-values-4.0.0.tgz?cache=0&sync_timestamp=1602586215124&other_urls=https%3A%2F%2Fregistry.npm.taobao.org%2Fpostcss-modules-values%2Fdownload%2Fpostcss-modules-values-4.0.0.tgz"
  integrity sha1-18Xn5ow7s8myfL9Iyguz/7RgLJw=
  dependencies:
    icss-utils "^5.0.0"

postcss-modules@^4.0.0:
  version "4.0.0"
  resolved "https://registry.npm.taobao.org/postcss-modules/download/postcss-modules-4.0.0.tgz"
  integrity sha1-K8fydquI8/Gw+t9svXdy1DtfO5s=
  dependencies:
    generic-names "^2.0.1"
    icss-replace-symbols "^1.1.0"
    lodash.camelcase "^4.3.0"
    postcss-modules-extract-imports "^3.0.0"
    postcss-modules-local-by-default "^4.0.0"
    postcss-modules-scope "^3.0.0"
    postcss-modules-values "^4.0.0"
    string-hash "^1.1.1"

postcss-selector-parser@^6.0.2, postcss-selector-parser@^6.0.4:
  version "6.0.6"
  resolved "https://registry.nlark.com/postcss-selector-parser/download/postcss-selector-parser-6.0.6.tgz?cache=0&sync_timestamp=1620753051451&other_urls=https%3A%2F%2Fregistry.nlark.com%2Fpostcss-selector-parser%2Fdownload%2Fpostcss-selector-parser-6.0.6.tgz"
  integrity sha1-LFu6gXSsL2mBq2MaQqsO5UrzMuo=
  dependencies:
    cssesc "^3.0.0"
    util-deprecate "^1.0.2"

postcss-value-parser@^4.1.0:
  version "4.1.0"
  resolved "https://registry.npm.taobao.org/postcss-value-parser/download/postcss-value-parser-4.1.0.tgz"
  integrity sha1-RD9qIM7WSBor2k+oUypuVdeJoss=

postcss@^8.1.10:
  version "8.3.0"
  resolved "https://registry.nlark.com/postcss/download/postcss-8.3.0.tgz"
  integrity sha1-sacT9hcspCfj8F7xMD3otlaDMl8=
  dependencies:
    colorette "^1.2.2"
    nanoid "^3.1.23"
    source-map-js "^0.6.2"

postcss@^8.3.6:
  version "8.3.6"
  resolved "https://registry.nlark.com/postcss/download/postcss-8.3.6.tgz?cache=0&sync_timestamp=1626882900158&other_urls=https%3A%2F%2Fregistry.nlark.com%2Fpostcss%2Fdownload%2Fpostcss-8.3.6.tgz"
  integrity sha1-JzDddql5afN/U7mmCWGXvjEcxOo=
  dependencies:
    colorette "^1.2.2"
    nanoid "^3.1.23"
    source-map-js "^0.6.2"

printj@~1.2.2:
  version "1.2.3"
  resolved "https://registry.npmmirror.com/printj/-/printj-1.2.3.tgz"
  integrity sha512-sanczS6xOJOg7IKDvi4sGOUOe7c1tsEzjwlLFH/zgwx/uyImVM9/rgBkc8AfiQa/Vg54nRd8mkm9yI7WV/O+WA==

printj@~1.3.0, printj@~1.3.1:
  version "1.3.1"
  resolved "https://registry.npmmirror.com/printj/-/printj-1.3.1.tgz"
  integrity sha512-GA3TdL8szPK4AQ2YnOe/b+Y1jUFwmmGMMK/qbY7VcE3Z7FU8JstbKiKRzO6CIiAKPhTO8m01NoQ0V5f3jc4OGg==

raw-loader@~0.5.1:
  version "0.5.1"
  resolved "https://registry.npmmirror.com/raw-loader/-/raw-loader-0.5.1.tgz"
  integrity sha512-sf7oGoLuaYAScB4VGr0tzetsYlS8EJH6qnTCfQ/WVEa89hALQ4RQfCKt5xCyPQKPDUbVUAIP1QsxAwfAjlDp7Q==

resolve@^1.20.0:
  version "1.20.0"
  resolved "https://registry.npm.taobao.org/resolve/download/resolve-1.20.0.tgz?cache=0&sync_timestamp=1613055183799&other_urls=https%3A%2F%2Fregistry.npm.taobao.org%2Fresolve%2Fdownload%2Fresolve-1.20.0.tgz"
  integrity sha1-YpoBP7P3B1XW8LeTXMHCxTeLGXU=
  dependencies:
    is-core-module "^2.2.0"
    path-parse "^1.0.6"

rollup@^2.38.5:
  version "2.50.5"
  resolved "https://registry.nlark.com/rollup/download/rollup-2.50.5.tgz?cache=0&sync_timestamp=1622401386497&other_urls=https%3A%2F%2Fregistry.nlark.com%2Frollup%2Fdownload%2Frollup-2.50.5.tgz"
  integrity sha1-u+6dZBGvP1+lxufixp96ZbdT5Wg=
  optionalDependencies:
    fsevents "~2.3.1"

script-loader@^0.7.2:
  version "0.7.2"
  resolved "https://registry.npmmirror.com/script-loader/-/script-loader-0.7.2.tgz"
  integrity sha512-UMNLEvgOAQuzK8ji8qIscM3GIrRCWN6MmMXGD4SD5l6cSycgGsCo0tX5xRnfQcoghqct0tjHjcykgI1PyBE2aA==
  dependencies:
    raw-loader "~0.5.1"

source-map-js@^0.6.2:
  version "0.6.2"
  resolved "https://registry.npm.taobao.org/source-map-js/download/source-map-js-0.6.2.tgz"
  integrity sha1-C7XeYxtBz72mz7qL0FqA79/SOF4=

source-map@^0.6.1:
  version "0.6.1"
  resolved "https://registry.npm.taobao.org/source-map/download/source-map-0.6.1.tgz?cache=0&sync_timestamp=1601546737481&other_urls=https%3A%2F%2Fregistry.npm.taobao.org%2Fsource-map%2Fdownload%2Fsource-map-0.6.1.tgz"
  integrity sha1-dHIq8y6WFOnCh6jQu95IteLxomM=

sourcemap-codec@^1.4.4:
  version "1.4.8"
  resolved "https://registry.npm.taobao.org/sourcemap-codec/download/sourcemap-codec-1.4.8.tgz"
  integrity sha1-6oBL2UhXQC5pktBaOO8a41qatMQ=

ssf@~0.11.2:
  version "0.11.2"
  resolved "https://registry.npmmirror.com/ssf/-/ssf-0.11.2.tgz"
  integrity sha512-+idbmIXoYET47hH+d7dfm2epdOMUDjqcB4648sTZ+t2JwoyBFL/insLfB/racrDmsKB3diwsDA696pZMieAC5g==
  dependencies:
    frac "~1.1.2"

string-hash@^1.1.1:
  version "1.1.3"
  resolved "https://registry.npm.taobao.org/string-hash/download/string-hash-1.1.3.tgz"
  integrity sha1-6Kr8CsGFW0Zmkp7X3RJ1311sgRs=

to-fast-properties@^2.0.0:
  version "2.0.0"
  resolved "https://registry.npm.taobao.org/to-fast-properties/download/to-fast-properties-2.0.0.tgz"
  integrity sha1-3F5pjL0HkmW8c+A3doGk5Og/YW4=

tslib@2.3.0:
  version "2.3.0"
  resolved "https://registry.npmmirror.com/tslib/-/tslib-2.3.0.tgz#803b8cdab3e12ba581a4ca41c8839bbb0dacb09e"
  integrity sha512-N82ooyxVNm6h1riLCoyS9e3fuJ3AMG2zIZs2Gd1ATcSFjSA23Q0fzjjZeh0jbJvWVDZ0cJT8yaNNaaXHzueNjg==

util-deprecate@^1.0.2:
  version "1.0.2"
  resolved "https://registry.nlark.com/util-deprecate/download/util-deprecate-1.0.2.tgz"
  integrity sha1-RQ1Nyfpw3nMnYvvS1KKJgUGaDM8=

vite@^2.4.4:
  version "2.5.0"
  resolved "https://registry.nlark.com/vite/download/vite-2.5.0.tgz"
  integrity sha1-ERujZ5Qy1CbkRWas9IAAWnkUy9Y=
  dependencies:
    esbuild "^0.12.17"
    postcss "^8.3.6"
    resolve "^1.20.0"
    rollup "^2.38.5"
  optionalDependencies:
    fsevents "~2.3.2"

vue-demi@*:
  version "0.12.5"
  resolved "https://registry.npmmirror.com/vue-demi/-/vue-demi-0.12.5.tgz#8eeed566a7d86eb090209a11723f887d28aeb2d1"
  integrity sha512-BREuTgTYlUr0zw0EZn3hnhC3I6gPWv+Kwh4MCih6QcAeaTlaIX0DwOVN0wHej7hSvDPecz4jygy/idsgKfW58Q==

vue-router@4.0.11:
  version "4.0.11"
  resolved "https://registry.nlark.com/vue-router/download/vue-router-4.0.11.tgz"
  integrity sha1-zWSaCUHGNSgXY6IJZbWZZD3caO0=
  dependencies:
    "@vue/devtools-api" "^6.0.0-beta.14"

vue@^3.2.31:
  version "3.2.31"
  resolved "https://registry.npmmirror.com/vue/-/vue-3.2.31.tgz#e0c49924335e9f188352816788a4cca10f817ce6"
  integrity sha512-odT3W2tcffTiQCy57nOT93INw1auq5lYLLYtWpPYQQYQOOdHiqFct9Xhna6GJ+pJQaF67yZABraH47oywkJgFw==
  dependencies:
    "@vue/compiler-dom" "3.2.31"
    "@vue/compiler-sfc" "3.2.31"
    "@vue/runtime-dom" "3.2.31"
    "@vue/server-renderer" "3.2.31"
    "@vue/shared" "3.2.31"

wmf@~1.0.1:
  version "1.0.2"
  resolved "https://registry.npmmirror.com/wmf/-/wmf-1.0.2.tgz"
  integrity sha512-/p9K7bEh0Dj6WbXg4JG0xvLQmIadrner1bi45VMJTfnbVHsc7yIajZyoSoK60/dtVBs12Fm6WkUI5/3WAVsNMw==

word@~0.3.0:
  version "0.3.0"
  resolved "https://registry.npmmirror.com/word/-/word-0.3.0.tgz"
  integrity sha512-OELeY0Q61OXpdUfTp+oweA/vtLVg5VDOXh+3he3PNzLGG/y0oylSOC1xRVj0+l4vQ3tj/bB1HVHv1ocXkQceFA==

xlsx@^0.18.4:
  version "0.18.4"
  resolved "https://registry.npmmirror.com/xlsx/-/xlsx-0.18.4.tgz#eae7df428d6eb6a57cf595ee1fff6df95cc0a43d"
  integrity sha512-u2plLVR/Ju2NxByPcWuxW3eOHEE/EH8w0vDyvHx8pFa8qO3fpq+l/57msr/Eq4cY5LErFOFD4sp4jIyPd6nFzQ==
  dependencies:
    adler-32 "~1.3.0"
    cfb "~1.2.1"
    codepage "~1.15.0"
    crc-32 "~1.2.1"
    ssf "~0.11.2"
    wmf "~1.0.1"
    word "~0.3.0"

yallist@^3.0.2:
  version "3.1.1"
  resolved "https://registry.npm.taobao.org/yallist/download/yallist-3.1.1.tgz"
  integrity sha1-27fa+b/YusmrRev2ArjLrQ1dCP0=

zrender@5.3.1:
  version "5.3.1"
  resolved "https://registry.npmmirror.com/zrender/-/zrender-5.3.1.tgz#fa8e63ac7e719cfd563831fe8c42a9756c5af384"
  integrity sha512-7olqIjy0gWfznKr6vgfnGBk7y4UtdMvdwFmK92vVQsQeDPyzkHW1OlrLEKg6GHz1W5ePf0FeN1q2vkl/HFqhXw==
  dependencies:
    tslib "2.3.0"
